// !$*UTF8*$!
{
	archiveVersion = 1;
	classes = {
	};
	objectVersion = 51;
	objects = {

/* Begin PBXBuildFile section */
		34FD3AD186083DA10AF4781C /* Pods_hiraganacoachTests.framework in Frameworks */ = {isa = PBXBuildFile; fileRef = B034325B81615C42D8A79C2D /* Pods_hiraganacoachTests.framework */; };
		4E30B87360CC4FA23CB33E9F /* Pods_hiraganacoach.framework in Frameworks */ = {isa = PBXBuildFile; fileRef = 94A5D60E1B4816A25B0ACDAF /* Pods_hiraganacoach.framework */; };
		6849DD98254B71B200FC8C86 /* Performance.swift in Sources */ = {isa = PBXBuildFile; fileRef = 6849DD97254B71B200FC8C86 /* Performance.swift */; };
		68692C2025434009003828F5 /* AssessmentsView.swift in Sources */ = {isa = PBXBuildFile; fileRef = 68692C1F25434009003828F5 /* AssessmentsView.swift */; };
		68692C28254342D3003828F5 /* Category.swift in Sources */ = {isa = PBXBuildFile; fileRef = 68692C27254342D3003828F5 /* Category.swift */; };
		68692C2D25438985003828F5 /* QuestionRecommendation.swift in Sources */ = {isa = PBXBuildFile; fileRef = 68692C2C25438984003828F5 /* QuestionRecommendation.swift */; };
		687C9213254BB8B3005B0755 /* Context.swift in Sources */ = {isa = PBXBuildFile; fileRef = 687C9212254BB8B3005B0755 /* Context.swift */; };
		687FF426255605C800A9F131 /* LanguageSelectionView.swift in Sources */ = {isa = PBXBuildFile; fileRef = 687FF425255605C800A9F131 /* LanguageSelectionView.swift */; };
		688059C92550D9AB00D95404 /* SettingsView.swift in Sources */ = {isa = PBXBuildFile; fileRef = 688059C82550D9AB00D95404 /* SettingsView.swift */; };
		688059D72550FEB700D95404 /* Assessment.swift in Sources */ = {isa = PBXBuildFile; fileRef = 688059D62550FEB700D95404 /* Assessment.swift */; };
		688059F12551122400D95404 /* CoreData.framework in Frameworks */ = {isa = PBXBuildFile; fileRef = 688059F02551122400D95404 /* CoreData.framework */; };
		68986E9B2540B01B002C566A /* hiraganacoachApp.swift in Sources */ = {isa = PBXBuildFile; fileRef = 68986E9A2540B01B002C566A /* hiraganacoachApp.swift */; };
		68986E9D2540B01B002C566A /* ContentView.swift in Sources */ = {isa = PBXBuildFile; fileRef = 68986E9C2540B01B002C566A /* ContentView.swift */; };
		68986E9F2540B01D002C566A /* Assets.xcassets in Resources */ = {isa = PBXBuildFile; fileRef = 68986E9E2540B01D002C566A /* Assets.xcassets */; };
		68986EA22540B01D002C566A /* Preview Assets.xcassets in Resources */ = {isa = PBXBuildFile; fileRef = 68986EA12540B01D002C566A /* Preview Assets.xcassets */; };
		68986EA42540B01D002C566A /* CoreDataManager.swift in Sources */ = {isa = PBXBuildFile; fileRef = 68986EA32540B01D002C566A /* CoreDataManager.swift */; };
		68986EA72540B01D002C566A /* hiraganacoach.xcdatamodeld in Sources */ = {isa = PBXBuildFile; fileRef = 68986EA52540B01D002C566A /* hiraganacoach.xcdatamodeld */; };
		68986EB22540B01E002C566A /* hiraganacoachTests.swift in Sources */ = {isa = PBXBuildFile; fileRef = 68986EB12540B01E002C566A /* hiraganacoachTests.swift */; };
		68986EBD2540B01E002C566A /* hiraganacoachUITests.swift in Sources */ = {isa = PBXBuildFile; fileRef = 68986EBC2540B01E002C566A /* hiraganacoachUITests.swift */; };
		68986ECE2540B240002C566A /* QuizView.swift in Sources */ = {isa = PBXBuildFile; fileRef = 68986ECD2540B240002C566A /* QuizView.swift */; };
		68986EE72540CCA9002C566A /* hiraganadata.swift in Sources */ = {isa = PBXBuildFile; fileRef = 68986EE62540CCA9002C566A /* hiraganadata.swift */; };
		68986EF02540FDBB002C566A /* Colors.swift in Sources */ = {isa = PBXBuildFile; fileRef = 68986EEF2540FDBB002C566A /* Colors.swift */; };
		68D1A2A42553ADAE00C49D91 /* JSONMethods.swift in Sources */ = {isa = PBXBuildFile; fileRef = 68D1A2A32553ADAE00C49D91 /* JSONMethods.swift */; };
		68D1A2AC2553C5D200C49D91 /* hiragana_characters.json in Resources */ = {isa = PBXBuildFile; fileRef = 68D1A2AB2553C5D200C49D91 /* hiragana_characters.json */; };
		68D1A2B42553C8A100C49D91 /* hiragana_contexts.json in Resources */ = {isa = PBXBuildFile; fileRef = 68D1A2B32553C8A100C49D91 /* hiragana_contexts.json */; };
		68D1A2B92553D6BA00C49D91 /* hiragana_categories.json in Resources */ = {isa = PBXBuildFile; fileRef = 68D1A2B82553D6BA00C49D91 /* hiragana_categories.json */; };
		68D1A2CE2553DA6B00C49D91 /* korean_characters.json in Resources */ = {isa = PBXBuildFile; fileRef = 68D1A2CD2553DA6B00C49D91 /* korean_characters.json */; };
		68D1A2D32553E2D900C49D91 /* korean_categories.json in Resources */ = {isa = PBXBuildFile; fileRef = 68D1A2D22553E2D900C49D91 /* korean_categories.json */; };
		68D1A2DB2553E2E100C49D91 /* korean_contexts.json in Resources */ = {isa = PBXBuildFile; fileRef = 68D1A2DA2553E2E100C49D91 /* korean_contexts.json */; };
		7AEAF97BF9B54BDBD2088836 /* Pods_hiraganacoach_hiraganacoachUITests.framework in Frameworks */ = {isa = PBXBuildFile; fileRef = 6B5BC112A33F24519A0214E1 /* Pods_hiraganacoach_hiraganacoachUITests.framework */; };
/* End PBXBuildFile section */

/* Begin PBXContainerItemProxy section */
		68986EAE2540B01E002C566A /* PBXContainerItemProxy */ = {
			isa = PBXContainerItemProxy;
			containerPortal = 68986E8F2540B01B002C566A /* Project object */;
			proxyType = 1;
			remoteGlobalIDString = 68986E962540B01B002C566A;
			remoteInfo = hiraganacoach;
		};
		68986EB92540B01E002C566A /* PBXContainerItemProxy */ = {
			isa = PBXContainerItemProxy;
			containerPortal = 68986E8F2540B01B002C566A /* Project object */;
			proxyType = 1;
			remoteGlobalIDString = 68986E962540B01B002C566A;
			remoteInfo = hiraganacoach;
		};
/* End PBXContainerItemProxy section */

/* Begin PBXFileReference section */
		0CFC2E7CE974298114C8F34B /* Pods-hiraganacoach.debug.xcconfig */ = {isa = PBXFileReference; includeInIndex = 1; lastKnownFileType = text.xcconfig; name = "Pods-hiraganacoach.debug.xcconfig"; path = "Target Support Files/Pods-hiraganacoach/Pods-hiraganacoach.debug.xcconfig"; sourceTree = "<group>"; };
		2FFFF24A0D41908497AD40F1 /* Pods-hiraganacoach.release.xcconfig */ = {isa = PBXFileReference; includeInIndex = 1; lastKnownFileType = text.xcconfig; name = "Pods-hiraganacoach.release.xcconfig"; path = "Target Support Files/Pods-hiraganacoach/Pods-hiraganacoach.release.xcconfig"; sourceTree = "<group>"; };
		47D4B32DE7E6B2DAB2EBE3EE /* Pods-hiraganacoach-hiraganacoachUITests.release.xcconfig */ = {isa = PBXFileReference; includeInIndex = 1; lastKnownFileType = text.xcconfig; name = "Pods-hiraganacoach-hiraganacoachUITests.release.xcconfig"; path = "Target Support Files/Pods-hiraganacoach-hiraganacoachUITests/Pods-hiraganacoach-hiraganacoachUITests.release.xcconfig"; sourceTree = "<group>"; };
		6849DD97254B71B200FC8C86 /* Performance.swift */ = {isa = PBXFileReference; lastKnownFileType = sourcecode.swift; path = Performance.swift; sourceTree = "<group>"; };
		68692C1F25434009003828F5 /* AssessmentsView.swift */ = {isa = PBXFileReference; lastKnownFileType = sourcecode.swift; path = AssessmentsView.swift; sourceTree = "<group>"; };
		68692C27254342D3003828F5 /* Category.swift */ = {isa = PBXFileReference; lastKnownFileType = sourcecode.swift; path = Category.swift; sourceTree = "<group>"; };
		68692C2C25438984003828F5 /* QuestionRecommendation.swift */ = {isa = PBXFileReference; lastKnownFileType = sourcecode.swift; path = QuestionRecommendation.swift; sourceTree = "<group>"; };
		687C9212254BB8B3005B0755 /* Context.swift */ = {isa = PBXFileReference; lastKnownFileType = sourcecode.swift; path = Context.swift; sourceTree = "<group>"; };
		687FF425255605C800A9F131 /* LanguageSelectionView.swift */ = {isa = PBXFileReference; lastKnownFileType = sourcecode.swift; path = LanguageSelectionView.swift; sourceTree = "<group>"; };
		688059C82550D9AB00D95404 /* SettingsView.swift */ = {isa = PBXFileReference; lastKnownFileType = sourcecode.swift; path = SettingsView.swift; sourceTree = "<group>"; };
		688059D62550FEB700D95404 /* Assessment.swift */ = {isa = PBXFileReference; lastKnownFileType = sourcecode.swift; path = Assessment.swift; sourceTree = "<group>"; };
		688059F02551122400D95404 /* CoreData.framework */ = {isa = PBXFileReference; lastKnownFileType = wrapper.framework; name = CoreData.framework; path = System/Library/Frameworks/CoreData.framework; sourceTree = SDKROOT; };
		68986E972540B01B002C566A /* hiraganacoach.app */ = {isa = PBXFileReference; explicitFileType = wrapper.application; includeInIndex = 0; path = hiraganacoach.app; sourceTree = BUILT_PRODUCTS_DIR; };
		68986E9A2540B01B002C566A /* hiraganacoachApp.swift */ = {isa = PBXFileReference; lastKnownFileType = sourcecode.swift; path = hiraganacoachApp.swift; sourceTree = "<group>"; };
		68986E9C2540B01B002C566A /* ContentView.swift */ = {isa = PBXFileReference; lastKnownFileType = sourcecode.swift; path = ContentView.swift; sourceTree = "<group>"; };
		68986E9E2540B01D002C566A /* Assets.xcassets */ = {isa = PBXFileReference; lastKnownFileType = folder.assetcatalog; path = Assets.xcassets; sourceTree = "<group>"; };
		68986EA12540B01D002C566A /* Preview Assets.xcassets */ = {isa = PBXFileReference; lastKnownFileType = folder.assetcatalog; path = "Preview Assets.xcassets"; sourceTree = "<group>"; };
		68986EA32540B01D002C566A /* CoreDataManager.swift */ = {isa = PBXFileReference; lastKnownFileType = sourcecode.swift; path = CoreDataManager.swift; sourceTree = "<group>"; };
		68986EA62540B01D002C566A /* hiraganacoach.xcdatamodel */ = {isa = PBXFileReference; lastKnownFileType = wrapper.xcdatamodel; path = hiraganacoach.xcdatamodel; sourceTree = "<group>"; };
		68986EA82540B01D002C566A /* Info.plist */ = {isa = PBXFileReference; lastKnownFileType = text.plist.xml; path = Info.plist; sourceTree = "<group>"; };
		68986EAD2540B01E002C566A /* hiraganacoachTests.xctest */ = {isa = PBXFileReference; explicitFileType = wrapper.cfbundle; includeInIndex = 0; path = hiraganacoachTests.xctest; sourceTree = BUILT_PRODUCTS_DIR; };
		68986EB12540B01E002C566A /* hiraganacoachTests.swift */ = {isa = PBXFileReference; lastKnownFileType = sourcecode.swift; path = hiraganacoachTests.swift; sourceTree = "<group>"; };
		68986EB32540B01E002C566A /* Info.plist */ = {isa = PBXFileReference; lastKnownFileType = text.plist.xml; path = Info.plist; sourceTree = "<group>"; };
		68986EB82540B01E002C566A /* hiraganacoachUITests.xctest */ = {isa = PBXFileReference; explicitFileType = wrapper.cfbundle; includeInIndex = 0; path = hiraganacoachUITests.xctest; sourceTree = BUILT_PRODUCTS_DIR; };
		68986EBC2540B01E002C566A /* hiraganacoachUITests.swift */ = {isa = PBXFileReference; lastKnownFileType = sourcecode.swift; path = hiraganacoachUITests.swift; sourceTree = "<group>"; };
		68986EBE2540B01E002C566A /* Info.plist */ = {isa = PBXFileReference; lastKnownFileType = text.plist.xml; path = Info.plist; sourceTree = "<group>"; };
		68986ECD2540B240002C566A /* QuizView.swift */ = {isa = PBXFileReference; lastKnownFileType = sourcecode.swift; path = QuizView.swift; sourceTree = "<group>"; };
		68986EE62540CCA9002C566A /* hiraganadata.swift */ = {isa = PBXFileReference; lastKnownFileType = sourcecode.swift; path = hiraganadata.swift; sourceTree = "<group>"; };
		68986EEB2540E8B8002C566A /* TODO.md */ = {isa = PBXFileReference; lastKnownFileType = net.daringfireball.markdown; path = TODO.md; sourceTree = "<group>"; };
		68986EEF2540FDBB002C566A /* Colors.swift */ = {isa = PBXFileReference; lastKnownFileType = sourcecode.swift; path = Colors.swift; sourceTree = "<group>"; };
		68D1A2A32553ADAE00C49D91 /* JSONMethods.swift */ = {isa = PBXFileReference; lastKnownFileType = sourcecode.swift; path = JSONMethods.swift; sourceTree = "<group>"; };
		68D1A2AB2553C5D200C49D91 /* hiragana_characters.json */ = {isa = PBXFileReference; lastKnownFileType = text.json; path = hiragana_characters.json; sourceTree = "<group>"; };
		68D1A2B32553C8A100C49D91 /* hiragana_contexts.json */ = {isa = PBXFileReference; lastKnownFileType = text.json; path = hiragana_contexts.json; sourceTree = "<group>"; };
		68D1A2B82553D6BA00C49D91 /* hiragana_categories.json */ = {isa = PBXFileReference; lastKnownFileType = text.json; path = hiragana_categories.json; sourceTree = "<group>"; };
		68D1A2CD2553DA6B00C49D91 /* korean_characters.json */ = {isa = PBXFileReference; lastKnownFileType = text.json; path = korean_characters.json; sourceTree = "<group>"; };
		68D1A2D22553E2D900C49D91 /* korean_categories.json */ = {isa = PBXFileReference; lastKnownFileType = text.json; path = korean_categories.json; sourceTree = "<group>"; };
		68D1A2DA2553E2E100C49D91 /* korean_contexts.json */ = {isa = PBXFileReference; lastKnownFileType = text.json; path = korean_contexts.json; sourceTree = "<group>"; };
		6B5BC112A33F24519A0214E1 /* Pods_hiraganacoach_hiraganacoachUITests.framework */ = {isa = PBXFileReference; explicitFileType = wrapper.framework; includeInIndex = 0; path = Pods_hiraganacoach_hiraganacoachUITests.framework; sourceTree = BUILT_PRODUCTS_DIR; };
		919B1A1AC6C1B33427AF2C83 /* Pods-hiraganacoach-hiraganacoachUITests.debug.xcconfig */ = {isa = PBXFileReference; includeInIndex = 1; lastKnownFileType = text.xcconfig; name = "Pods-hiraganacoach-hiraganacoachUITests.debug.xcconfig"; path = "Target Support Files/Pods-hiraganacoach-hiraganacoachUITests/Pods-hiraganacoach-hiraganacoachUITests.debug.xcconfig"; sourceTree = "<group>"; };
		94A5D60E1B4816A25B0ACDAF /* Pods_hiraganacoach.framework */ = {isa = PBXFileReference; explicitFileType = wrapper.framework; includeInIndex = 0; path = Pods_hiraganacoach.framework; sourceTree = BUILT_PRODUCTS_DIR; };
		B034325B81615C42D8A79C2D /* Pods_hiraganacoachTests.framework */ = {isa = PBXFileReference; explicitFileType = wrapper.framework; includeInIndex = 0; path = Pods_hiraganacoachTests.framework; sourceTree = BUILT_PRODUCTS_DIR; };
		B89B860BBBFC53BCD831C16E /* Pods-hiraganacoachTests.release.xcconfig */ = {isa = PBXFileReference; includeInIndex = 1; lastKnownFileType = text.xcconfig; name = "Pods-hiraganacoachTests.release.xcconfig"; path = "Target Support Files/Pods-hiraganacoachTests/Pods-hiraganacoachTests.release.xcconfig"; sourceTree = "<group>"; };
		BE59EC43D683156283C012A6 /* Pods-hiraganacoachTests.debug.xcconfig */ = {isa = PBXFileReference; includeInIndex = 1; lastKnownFileType = text.xcconfig; name = "Pods-hiraganacoachTests.debug.xcconfig"; path = "Target Support Files/Pods-hiraganacoachTests/Pods-hiraganacoachTests.debug.xcconfig"; sourceTree = "<group>"; };
/* End PBXFileReference section */

/* Begin PBXFrameworksBuildPhase section */
		68986E942540B01B002C566A /* Frameworks */ = {
			isa = PBXFrameworksBuildPhase;
			buildActionMask = 2147483647;
			files = (
				688059F12551122400D95404 /* CoreData.framework in Frameworks */,
				4E30B87360CC4FA23CB33E9F /* Pods_hiraganacoach.framework in Frameworks */,
			);
			runOnlyForDeploymentPostprocessing = 0;
		};
		68986EAA2540B01E002C566A /* Frameworks */ = {
			isa = PBXFrameworksBuildPhase;
			buildActionMask = 2147483647;
			files = (
				34FD3AD186083DA10AF4781C /* Pods_hiraganacoachTests.framework in Frameworks */,
			);
			runOnlyForDeploymentPostprocessing = 0;
		};
		68986EB52540B01E002C566A /* Frameworks */ = {
			isa = PBXFrameworksBuildPhase;
			buildActionMask = 2147483647;
			files = (
				7AEAF97BF9B54BDBD2088836 /* Pods_hiraganacoach_hiraganacoachUITests.framework in Frameworks */,
			);
			runOnlyForDeploymentPostprocessing = 0;
		};
/* End PBXFrameworksBuildPhase section */

/* Begin PBXGroup section */
		0F8AB3E65299F72909926457 /* Pods */ = {
			isa = PBXGroup;
			children = (
				0CFC2E7CE974298114C8F34B /* Pods-hiraganacoach.debug.xcconfig */,
				2FFFF24A0D41908497AD40F1 /* Pods-hiraganacoach.release.xcconfig */,
				919B1A1AC6C1B33427AF2C83 /* Pods-hiraganacoach-hiraganacoachUITests.debug.xcconfig */,
				47D4B32DE7E6B2DAB2EBE3EE /* Pods-hiraganacoach-hiraganacoachUITests.release.xcconfig */,
				BE59EC43D683156283C012A6 /* Pods-hiraganacoachTests.debug.xcconfig */,
				B89B860BBBFC53BCD831C16E /* Pods-hiraganacoachTests.release.xcconfig */,
			);
			path = Pods;
			sourceTree = "<group>";
		};
		6849DD8C254B6DEF00FC8C86 /* Views */ = {
			isa = PBXGroup;
			children = (
				68692C27254342D3003828F5 /* Category.swift */,
				688059C82550D9AB00D95404 /* SettingsView.swift */,
				68986EEF2540FDBB002C566A /* Colors.swift */,
				68986ECD2540B240002C566A /* QuizView.swift */,
				68692C1F25434009003828F5 /* AssessmentsView.swift */,
				687FF425255605C800A9F131 /* LanguageSelectionView.swift */,
				68986E9C2540B01B002C566A /* ContentView.swift */,
			);
			path = Views;
			sourceTree = "<group>";
		};
		6849DD8D254B6E0D00FC8C86 /* Model */ = {
			isa = PBXGroup;
			children = (
				68986EA32540B01D002C566A /* CoreDataManager.swift */,
				68692C2C25438984003828F5 /* QuestionRecommendation.swift */,
				6849DD97254B71B200FC8C86 /* Performance.swift */,
				688059D62550FEB700D95404 /* Assessment.swift */,
				68986EE62540CCA9002C566A /* hiraganadata.swift */,
				687C9212254BB8B3005B0755 /* Context.swift */,
			);
			path = Model;
			sourceTree = "<group>";
		};
		68805A012553A36400D95404 /* LanguageData */ = {
			isa = PBXGroup;
			children = (
				68D1A2C92553DA4200C49D91 /* Korean */,
				68D1A2A32553ADAE00C49D91 /* JSONMethods.swift */,
				68D1A29A2553A3A000C49D91 /* Japanese */,
			);
			path = LanguageData;
			sourceTree = "<group>";
		};
		68986E8E2540B01B002C566A = {
			isa = PBXGroup;
			children = (
				68986E992540B01B002C566A /* hiraganacoach */,
				68986EB02540B01E002C566A /* hiraganacoachTests */,
				68986EBB2540B01E002C566A /* hiraganacoachUITests */,
				68986E982540B01B002C566A /* Products */,
				0F8AB3E65299F72909926457 /* Pods */,
				CCB4014003F685DA573AF26D /* Frameworks */,
			);
			sourceTree = "<group>";
		};
		68986E982540B01B002C566A /* Products */ = {
			isa = PBXGroup;
			children = (
				68986E972540B01B002C566A /* hiraganacoach.app */,
				68986EAD2540B01E002C566A /* hiraganacoachTests.xctest */,
				68986EB82540B01E002C566A /* hiraganacoachUITests.xctest */,
			);
			name = Products;
			sourceTree = "<group>";
		};
		68986E992540B01B002C566A /* hiraganacoach */ = {
			isa = PBXGroup;
			children = (
				68805A012553A36400D95404 /* LanguageData */,
				6849DD8D254B6E0D00FC8C86 /* Model */,
				6849DD8C254B6DEF00FC8C86 /* Views */,
				68986E9A2540B01B002C566A /* hiraganacoachApp.swift */,
				68986EEB2540E8B8002C566A /* TODO.md */,
				68986E9E2540B01D002C566A /* Assets.xcassets */,
				68986EA82540B01D002C566A /* Info.plist */,
				68986EA52540B01D002C566A /* hiraganacoach.xcdatamodeld */,
				68986EA02540B01D002C566A /* Preview Content */,
			);
			path = hiraganacoach;
			sourceTree = "<group>";
		};
		68986EA02540B01D002C566A /* Preview Content */ = {
			isa = PBXGroup;
			children = (
				68986EA12540B01D002C566A /* Preview Assets.xcassets */,
			);
			path = "Preview Content";
			sourceTree = "<group>";
		};
		68986EB02540B01E002C566A /* hiraganacoachTests */ = {
			isa = PBXGroup;
			children = (
				68986EB12540B01E002C566A /* hiraganacoachTests.swift */,
				68986EB32540B01E002C566A /* Info.plist */,
			);
			path = hiraganacoachTests;
			sourceTree = "<group>";
		};
		68986EBB2540B01E002C566A /* hiraganacoachUITests */ = {
			isa = PBXGroup;
			children = (
				68986EBC2540B01E002C566A /* hiraganacoachUITests.swift */,
				68986EBE2540B01E002C566A /* Info.plist */,
			);
			path = hiraganacoachUITests;
			sourceTree = "<group>";
		};
		68D1A29A2553A3A000C49D91 /* Japanese */ = {
			isa = PBXGroup;
			children = (
				68D1A2B82553D6BA00C49D91 /* hiragana_categories.json */,
				68D1A2B32553C8A100C49D91 /* hiragana_contexts.json */,
				68D1A2AB2553C5D200C49D91 /* hiragana_characters.json */,
			);
			path = Japanese;
			sourceTree = "<group>";
		};
		68D1A2C92553DA4200C49D91 /* Korean */ = {
			isa = PBXGroup;
			children = (
				68D1A2CD2553DA6B00C49D91 /* korean_characters.json */,
				68D1A2D22553E2D900C49D91 /* korean_categories.json */,
				68D1A2DA2553E2E100C49D91 /* korean_contexts.json */,
			);
			path = Korean;
			sourceTree = "<group>";
		};
		CCB4014003F685DA573AF26D /* Frameworks */ = {
			isa = PBXGroup;
			children = (
				688059F02551122400D95404 /* CoreData.framework */,
				94A5D60E1B4816A25B0ACDAF /* Pods_hiraganacoach.framework */,
				6B5BC112A33F24519A0214E1 /* Pods_hiraganacoach_hiraganacoachUITests.framework */,
				B034325B81615C42D8A79C2D /* Pods_hiraganacoachTests.framework */,
			);
			name = Frameworks;
			sourceTree = "<group>";
		};
/* End PBXGroup section */

/* Begin PBXNativeTarget section */
		68986E962540B01B002C566A /* hiraganacoach */ = {
			isa = PBXNativeTarget;
			buildConfigurationList = 68986EC12540B01E002C566A /* Build configuration list for PBXNativeTarget "hiraganacoach" */;
			buildPhases = (
				BAC27EBAC1B1325B058F15BA /* [CP] Check Pods Manifest.lock */,
				68986E932540B01B002C566A /* Sources */,
				68986E942540B01B002C566A /* Frameworks */,
				68986E952540B01B002C566A /* Resources */,
				1576CEA407F513D84EC102EA /* [CP] Embed Pods Frameworks */,
			);
			buildRules = (
			);
			dependencies = (
			);
			name = hiraganacoach;
			productName = hiraganacoach;
			productReference = 68986E972540B01B002C566A /* hiraganacoach.app */;
			productType = "com.apple.product-type.application";
		};
		68986EAC2540B01E002C566A /* hiraganacoachTests */ = {
			isa = PBXNativeTarget;
			buildConfigurationList = 68986EC42540B01E002C566A /* Build configuration list for PBXNativeTarget "hiraganacoachTests" */;
			buildPhases = (
				5FE907E2785E7DC556ED9ADB /* [CP] Check Pods Manifest.lock */,
				68986EA92540B01E002C566A /* Sources */,
				68986EAA2540B01E002C566A /* Frameworks */,
				68986EAB2540B01E002C566A /* Resources */,
			);
			buildRules = (
			);
			dependencies = (
				68986EAF2540B01E002C566A /* PBXTargetDependency */,
			);
			name = hiraganacoachTests;
			productName = hiraganacoachTests;
			productReference = 68986EAD2540B01E002C566A /* hiraganacoachTests.xctest */;
			productType = "com.apple.product-type.bundle.unit-test";
		};
		68986EB72540B01E002C566A /* hiraganacoachUITests */ = {
			isa = PBXNativeTarget;
			buildConfigurationList = 68986EC72540B01E002C566A /* Build configuration list for PBXNativeTarget "hiraganacoachUITests" */;
			buildPhases = (
				6BF35F92C00A5A3409095C27 /* [CP] Check Pods Manifest.lock */,
				68986EB42540B01E002C566A /* Sources */,
				68986EB52540B01E002C566A /* Frameworks */,
				68986EB62540B01E002C566A /* Resources */,
				F2715766BA43EDF86602D589 /* [CP] Embed Pods Frameworks */,
			);
			buildRules = (
			);
			dependencies = (
				68986EBA2540B01E002C566A /* PBXTargetDependency */,
			);
			name = hiraganacoachUITests;
			productName = hiraganacoachUITests;
			productReference = 68986EB82540B01E002C566A /* hiraganacoachUITests.xctest */;
			productType = "com.apple.product-type.bundle.ui-testing";
		};
/* End PBXNativeTarget section */

/* Begin PBXProject section */
		68986E8F2540B01B002C566A /* Project object */ = {
			isa = PBXProject;
			attributes = {
				LastSwiftUpdateCheck = 1200;
				LastUpgradeCheck = 1200;
				TargetAttributes = {
					68986E962540B01B002C566A = {
						CreatedOnToolsVersion = 12.0.1;
					};
					68986EAC2540B01E002C566A = {
						CreatedOnToolsVersion = 12.0.1;
						TestTargetID = 68986E962540B01B002C566A;
					};
					68986EB72540B01E002C566A = {
						CreatedOnToolsVersion = 12.0.1;
						TestTargetID = 68986E962540B01B002C566A;
					};
				};
			};
			buildConfigurationList = 68986E922540B01B002C566A /* Build configuration list for PBXProject "hiraganacoach" */;
			compatibilityVersion = "Xcode 9.3";
			developmentRegion = en;
			hasScannedForEncodings = 0;
			knownRegions = (
				en,
				Base,
			);
			mainGroup = 68986E8E2540B01B002C566A;
			productRefGroup = 68986E982540B01B002C566A /* Products */;
			projectDirPath = "";
			projectRoot = "";
			targets = (
				68986E962540B01B002C566A /* hiraganacoach */,
				68986EAC2540B01E002C566A /* hiraganacoachTests */,
				68986EB72540B01E002C566A /* hiraganacoachUITests */,
			);
		};
/* End PBXProject section */

/* Begin PBXResourcesBuildPhase section */
		68986E952540B01B002C566A /* Resources */ = {
			isa = PBXResourcesBuildPhase;
			buildActionMask = 2147483647;
			files = (
				68986EA22540B01D002C566A /* Preview Assets.xcassets in Resources */,
				68D1A2D32553E2D900C49D91 /* korean_categories.json in Resources */,
				68D1A2AC2553C5D200C49D91 /* hiragana_characters.json in Resources */,
				68D1A2DB2553E2E100C49D91 /* korean_contexts.json in Resources */,
				68986E9F2540B01D002C566A /* Assets.xcassets in Resources */,
				68D1A2B42553C8A100C49D91 /* hiragana_contexts.json in Resources */,
				68D1A2CE2553DA6B00C49D91 /* korean_characters.json in Resources */,
				68D1A2B92553D6BA00C49D91 /* hiragana_categories.json in Resources */,
			);
			runOnlyForDeploymentPostprocessing = 0;
		};
		68986EAB2540B01E002C566A /* Resources */ = {
			isa = PBXResourcesBuildPhase;
			buildActionMask = 2147483647;
			files = (
			);
			runOnlyForDeploymentPostprocessing = 0;
		};
		68986EB62540B01E002C566A /* Resources */ = {
			isa = PBXResourcesBuildPhase;
			buildActionMask = 2147483647;
			files = (
			);
			runOnlyForDeploymentPostprocessing = 0;
		};
/* End PBXResourcesBuildPhase section */

/* Begin PBXShellScriptBuildPhase section */
		1576CEA407F513D84EC102EA /* [CP] Embed Pods Frameworks */ = {
			isa = PBXShellScriptBuildPhase;
			buildActionMask = 2147483647;
			files = (
			);
			inputFileListPaths = (
				"${PODS_ROOT}/Target Support Files/Pods-hiraganacoach/Pods-hiraganacoach-frameworks-${CONFIGURATION}-input-files.xcfilelist",
			);
			name = "[CP] Embed Pods Frameworks";
			outputFileListPaths = (
				"${PODS_ROOT}/Target Support Files/Pods-hiraganacoach/Pods-hiraganacoach-frameworks-${CONFIGURATION}-output-files.xcfilelist",
			);
			runOnlyForDeploymentPostprocessing = 0;
			shellPath = /bin/sh;
			shellScript = "\"${PODS_ROOT}/Target Support Files/Pods-hiraganacoach/Pods-hiraganacoach-frameworks.sh\"\n";
			showEnvVarsInLog = 0;
		};
		5FE907E2785E7DC556ED9ADB /* [CP] Check Pods Manifest.lock */ = {
			isa = PBXShellScriptBuildPhase;
			buildActionMask = 2147483647;
			files = (
			);
			inputFileListPaths = (
			);
			inputPaths = (
				"${PODS_PODFILE_DIR_PATH}/Podfile.lock",
				"${PODS_ROOT}/Manifest.lock",
			);
			name = "[CP] Check Pods Manifest.lock";
			outputFileListPaths = (
			);
			outputPaths = (
				"$(DERIVED_FILE_DIR)/Pods-hiraganacoachTests-checkManifestLockResult.txt",
			);
			runOnlyForDeploymentPostprocessing = 0;
			shellPath = /bin/sh;
			shellScript = "diff \"${PODS_PODFILE_DIR_PATH}/Podfile.lock\" \"${PODS_ROOT}/Manifest.lock\" > /dev/null\nif [ $? != 0 ] ; then\n    # print error to STDERR\n    echo \"error: The sandbox is not in sync with the Podfile.lock. Run 'pod install' or update your CocoaPods installation.\" >&2\n    exit 1\nfi\n# This output is used by Xcode 'outputs' to avoid re-running this script phase.\necho \"SUCCESS\" > \"${SCRIPT_OUTPUT_FILE_0}\"\n";
			showEnvVarsInLog = 0;
		};
		6BF35F92C00A5A3409095C27 /* [CP] Check Pods Manifest.lock */ = {
			isa = PBXShellScriptBuildPhase;
			buildActionMask = 2147483647;
			files = (
			);
			inputFileListPaths = (
			);
			inputPaths = (
				"${PODS_PODFILE_DIR_PATH}/Podfile.lock",
				"${PODS_ROOT}/Manifest.lock",
			);
			name = "[CP] Check Pods Manifest.lock";
			outputFileListPaths = (
			);
			outputPaths = (
				"$(DERIVED_FILE_DIR)/Pods-hiraganacoach-hiraganacoachUITests-checkManifestLockResult.txt",
			);
			runOnlyForDeploymentPostprocessing = 0;
			shellPath = /bin/sh;
			shellScript = "diff \"${PODS_PODFILE_DIR_PATH}/Podfile.lock\" \"${PODS_ROOT}/Manifest.lock\" > /dev/null\nif [ $? != 0 ] ; then\n    # print error to STDERR\n    echo \"error: The sandbox is not in sync with the Podfile.lock. Run 'pod install' or update your CocoaPods installation.\" >&2\n    exit 1\nfi\n# This output is used by Xcode 'outputs' to avoid re-running this script phase.\necho \"SUCCESS\" > \"${SCRIPT_OUTPUT_FILE_0}\"\n";
			showEnvVarsInLog = 0;
		};
		BAC27EBAC1B1325B058F15BA /* [CP] Check Pods Manifest.lock */ = {
			isa = PBXShellScriptBuildPhase;
			buildActionMask = 2147483647;
			files = (
			);
			inputFileListPaths = (
			);
			inputPaths = (
				"${PODS_PODFILE_DIR_PATH}/Podfile.lock",
				"${PODS_ROOT}/Manifest.lock",
			);
			name = "[CP] Check Pods Manifest.lock";
			outputFileListPaths = (
			);
			outputPaths = (
				"$(DERIVED_FILE_DIR)/Pods-hiraganacoach-checkManifestLockResult.txt",
			);
			runOnlyForDeploymentPostprocessing = 0;
			shellPath = /bin/sh;
			shellScript = "diff \"${PODS_PODFILE_DIR_PATH}/Podfile.lock\" \"${PODS_ROOT}/Manifest.lock\" > /dev/null\nif [ $? != 0 ] ; then\n    # print error to STDERR\n    echo \"error: The sandbox is not in sync with the Podfile.lock. Run 'pod install' or update your CocoaPods installation.\" >&2\n    exit 1\nfi\n# This output is used by Xcode 'outputs' to avoid re-running this script phase.\necho \"SUCCESS\" > \"${SCRIPT_OUTPUT_FILE_0}\"\n";
			showEnvVarsInLog = 0;
		};
		F2715766BA43EDF86602D589 /* [CP] Embed Pods Frameworks */ = {
			isa = PBXShellScriptBuildPhase;
			buildActionMask = 2147483647;
			files = (
			);
			inputFileListPaths = (
				"${PODS_ROOT}/Target Support Files/Pods-hiraganacoach-hiraganacoachUITests/Pods-hiraganacoach-hiraganacoachUITests-frameworks-${CONFIGURATION}-input-files.xcfilelist",
			);
			name = "[CP] Embed Pods Frameworks";
			outputFileListPaths = (
				"${PODS_ROOT}/Target Support Files/Pods-hiraganacoach-hiraganacoachUITests/Pods-hiraganacoach-hiraganacoachUITests-frameworks-${CONFIGURATION}-output-files.xcfilelist",
			);
			runOnlyForDeploymentPostprocessing = 0;
			shellPath = /bin/sh;
			shellScript = "\"${PODS_ROOT}/Target Support Files/Pods-hiraganacoach-hiraganacoachUITests/Pods-hiraganacoach-hiraganacoachUITests-frameworks.sh\"\n";
			showEnvVarsInLog = 0;
		};
/* End PBXShellScriptBuildPhase section */

/* Begin PBXSourcesBuildPhase section */
		68986E932540B01B002C566A /* Sources */ = {
			isa = PBXSourcesBuildPhase;
			buildActionMask = 2147483647;
			files = (
				68986EA42540B01D002C566A /* CoreDataManager.swift in Sources */,
				68986E9D2540B01B002C566A /* ContentView.swift in Sources */,
				68986ECE2540B240002C566A /* QuizView.swift in Sources */,
				68692C2D25438985003828F5 /* QuestionRecommendation.swift in Sources */,
				68986EF02540FDBB002C566A /* Colors.swift in Sources */,
				68692C2025434009003828F5 /* AssessmentsView.swift in Sources */,
				68692C28254342D3003828F5 /* Category.swift in Sources */,
				6849DD98254B71B200FC8C86 /* Performance.swift in Sources */,
				68986E9B2540B01B002C566A /* hiraganacoachApp.swift in Sources */,
				687C9213254BB8B3005B0755 /* Context.swift in Sources */,
				68986EE72540CCA9002C566A /* hiraganadata.swift in Sources */,
				687FF426255605C800A9F131 /* LanguageSelectionView.swift in Sources */,
				68986EA72540B01D002C566A /* hiraganacoach.xcdatamodeld in Sources */,
				688059C92550D9AB00D95404 /* SettingsView.swift in Sources */,
				68D1A2A42553ADAE00C49D91 /* JSONMethods.swift in Sources */,
				688059D72550FEB700D95404 /* Assessment.swift in Sources */,
			);
			runOnlyForDeploymentPostprocessing = 0;
		};
		68986EA92540B01E002C566A /* Sources */ = {
			isa = PBXSourcesBuildPhase;
			buildActionMask = 2147483647;
			files = (
				68986EB22540B01E002C566A /* hiraganacoachTests.swift in Sources */,
			);
			runOnlyForDeploymentPostprocessing = 0;
		};
		68986EB42540B01E002C566A /* Sources */ = {
			isa = PBXSourcesBuildPhase;
			buildActionMask = 2147483647;
			files = (
				68986EBD2540B01E002C566A /* hiraganacoachUITests.swift in Sources */,
			);
			runOnlyForDeploymentPostprocessing = 0;
		};
/* End PBXSourcesBuildPhase section */

/* Begin PBXTargetDependency section */
		68986EAF2540B01E002C566A /* PBXTargetDependency */ = {
			isa = PBXTargetDependency;
			target = 68986E962540B01B002C566A /* hiraganacoach */;
			targetProxy = 68986EAE2540B01E002C566A /* PBXContainerItemProxy */;
		};
		68986EBA2540B01E002C566A /* PBXTargetDependency */ = {
			isa = PBXTargetDependency;
			target = 68986E962540B01B002C566A /* hiraganacoach */;
			targetProxy = 68986EB92540B01E002C566A /* PBXContainerItemProxy */;
		};
/* End PBXTargetDependency section */

/* Begin XCBuildConfiguration section */
		68986EBF2540B01E002C566A /* Debug */ = {
			isa = XCBuildConfiguration;
			buildSettings = {
				ALWAYS_SEARCH_USER_PATHS = NO;
				CLANG_ANALYZER_NONNULL = YES;
				CLANG_ANALYZER_NUMBER_OBJECT_CONVERSION = YES_AGGRESSIVE;
				CLANG_CXX_LANGUAGE_STANDARD = "gnu++14";
				CLANG_CXX_LIBRARY = "libc++";
				CLANG_ENABLE_MODULES = YES;
				CLANG_ENABLE_OBJC_ARC = YES;
				CLANG_ENABLE_OBJC_WEAK = YES;
				CLANG_WARN_BLOCK_CAPTURE_AUTORELEASING = YES;
				CLANG_WARN_BOOL_CONVERSION = YES;
				CLANG_WARN_COMMA = YES;
				CLANG_WARN_CONSTANT_CONVERSION = YES;
				CLANG_WARN_DEPRECATED_OBJC_IMPLEMENTATIONS = YES;
				CLANG_WARN_DIRECT_OBJC_ISA_USAGE = YES_ERROR;
				CLANG_WARN_DOCUMENTATION_COMMENTS = YES;
				CLANG_WARN_EMPTY_BODY = YES;
				CLANG_WARN_ENUM_CONVERSION = YES;
				CLANG_WARN_INFINITE_RECURSION = YES;
				CLANG_WARN_INT_CONVERSION = YES;
				CLANG_WARN_NON_LITERAL_NULL_CONVERSION = YES;
				CLANG_WARN_OBJC_IMPLICIT_RETAIN_SELF = YES;
				CLANG_WARN_OBJC_LITERAL_CONVERSION = YES;
				CLANG_WARN_OBJC_ROOT_CLASS = YES_ERROR;
				CLANG_WARN_QUOTED_INCLUDE_IN_FRAMEWORK_HEADER = YES;
				CLANG_WARN_RANGE_LOOP_ANALYSIS = YES;
				CLANG_WARN_STRICT_PROTOTYPES = YES;
				CLANG_WARN_SUSPICIOUS_MOVE = YES;
				CLANG_WARN_UNGUARDED_AVAILABILITY = YES_AGGRESSIVE;
				CLANG_WARN_UNREACHABLE_CODE = YES;
				CLANG_WARN__DUPLICATE_METHOD_MATCH = YES;
				COPY_PHASE_STRIP = NO;
				DEBUG_INFORMATION_FORMAT = dwarf;
				ENABLE_STRICT_OBJC_MSGSEND = YES;
				ENABLE_TESTABILITY = YES;
				GCC_C_LANGUAGE_STANDARD = gnu11;
				GCC_DYNAMIC_NO_PIC = NO;
				GCC_NO_COMMON_BLOCKS = YES;
				GCC_OPTIMIZATION_LEVEL = 0;
				GCC_PREPROCESSOR_DEFINITIONS = (
					"DEBUG=1",
					"$(inherited)",
				);
				GCC_WARN_64_TO_32_BIT_CONVERSION = YES;
				GCC_WARN_ABOUT_RETURN_TYPE = YES_ERROR;
				GCC_WARN_UNDECLARED_SELECTOR = YES;
				GCC_WARN_UNINITIALIZED_AUTOS = YES_AGGRESSIVE;
				GCC_WARN_UNUSED_FUNCTION = YES;
				GCC_WARN_UNUSED_VARIABLE = YES;
				IPHONEOS_DEPLOYMENT_TARGET = 14.0;
				MTL_ENABLE_DEBUG_INFO = INCLUDE_SOURCE;
				MTL_FAST_MATH = YES;
				ONLY_ACTIVE_ARCH = YES;
				SDKROOT = iphoneos;
				SWIFT_ACTIVE_COMPILATION_CONDITIONS = DEBUG;
				SWIFT_OPTIMIZATION_LEVEL = "-Onone";
			};
			name = Debug;
		};
		68986EC02540B01E002C566A /* Release */ = {
			isa = XCBuildConfiguration;
			buildSettings = {
				ALWAYS_SEARCH_USER_PATHS = NO;
				CLANG_ANALYZER_NONNULL = YES;
				CLANG_ANALYZER_NUMBER_OBJECT_CONVERSION = YES_AGGRESSIVE;
				CLANG_CXX_LANGUAGE_STANDARD = "gnu++14";
				CLANG_CXX_LIBRARY = "libc++";
				CLANG_ENABLE_MODULES = YES;
				CLANG_ENABLE_OBJC_ARC = YES;
				CLANG_ENABLE_OBJC_WEAK = YES;
				CLANG_WARN_BLOCK_CAPTURE_AUTORELEASING = YES;
				CLANG_WARN_BOOL_CONVERSION = YES;
				CLANG_WARN_COMMA = YES;
				CLANG_WARN_CONSTANT_CONVERSION = YES;
				CLANG_WARN_DEPRECATED_OBJC_IMPLEMENTATIONS = YES;
				CLANG_WARN_DIRECT_OBJC_ISA_USAGE = YES_ERROR;
				CLANG_WARN_DOCUMENTATION_COMMENTS = YES;
				CLANG_WARN_EMPTY_BODY = YES;
				CLANG_WARN_ENUM_CONVERSION = YES;
				CLANG_WARN_INFINITE_RECURSION = YES;
				CLANG_WARN_INT_CONVERSION = YES;
				CLANG_WARN_NON_LITERAL_NULL_CONVERSION = YES;
				CLANG_WARN_OBJC_IMPLICIT_RETAIN_SELF = YES;
				CLANG_WARN_OBJC_LITERAL_CONVERSION = YES;
				CLANG_WARN_OBJC_ROOT_CLASS = YES_ERROR;
				CLANG_WARN_QUOTED_INCLUDE_IN_FRAMEWORK_HEADER = YES;
				CLANG_WARN_RANGE_LOOP_ANALYSIS = YES;
				CLANG_WARN_STRICT_PROTOTYPES = YES;
				CLANG_WARN_SUSPICIOUS_MOVE = YES;
				CLANG_WARN_UNGUARDED_AVAILABILITY = YES_AGGRESSIVE;
				CLANG_WARN_UNREACHABLE_CODE = YES;
				CLANG_WARN__DUPLICATE_METHOD_MATCH = YES;
				COPY_PHASE_STRIP = NO;
				DEBUG_INFORMATION_FORMAT = "dwarf-with-dsym";
				ENABLE_NS_ASSERTIONS = NO;
				ENABLE_STRICT_OBJC_MSGSEND = YES;
				GCC_C_LANGUAGE_STANDARD = gnu11;
				GCC_NO_COMMON_BLOCKS = YES;
				GCC_WARN_64_TO_32_BIT_CONVERSION = YES;
				GCC_WARN_ABOUT_RETURN_TYPE = YES_ERROR;
				GCC_WARN_UNDECLARED_SELECTOR = YES;
				GCC_WARN_UNINITIALIZED_AUTOS = YES_AGGRESSIVE;
				GCC_WARN_UNUSED_FUNCTION = YES;
				GCC_WARN_UNUSED_VARIABLE = YES;
				IPHONEOS_DEPLOYMENT_TARGET = 14.0;
				MTL_ENABLE_DEBUG_INFO = NO;
				MTL_FAST_MATH = YES;
				SDKROOT = iphoneos;
				SWIFT_COMPILATION_MODE = wholemodule;
				SWIFT_OPTIMIZATION_LEVEL = "-O";
				VALIDATE_PRODUCT = YES;
			};
			name = Release;
		};
		68986EC22540B01E002C566A /* Debug */ = {
			isa = XCBuildConfiguration;
			baseConfigurationReference = 0CFC2E7CE974298114C8F34B /* Pods-hiraganacoach.debug.xcconfig */;
			buildSettings = {
				ASSETCATALOG_COMPILER_APPICON_NAME = AppIcon;
				ASSETCATALOG_COMPILER_GLOBAL_ACCENT_COLOR_NAME = AccentColor;
				CODE_SIGN_IDENTITY = "Apple Development";
				CODE_SIGN_STYLE = Automatic;
				DEVELOPMENT_ASSET_PATHS = "\"hiraganacoach/Preview Content\"";
				DEVELOPMENT_TEAM = MA5GA5485F;
				ENABLE_PREVIEWS = YES;
				INFOPLIST_FILE = hiraganacoach/Info.plist;
				IPHONEOS_DEPLOYMENT_TARGET = 14.0;
				LD_RUNPATH_SEARCH_PATHS = (
					"$(inherited)",
					"@executable_path/Frameworks",
				);
				PRODUCT_BUNDLE_IDENTIFIER = maxsonyang.hiraganacoach;
				PRODUCT_NAME = "$(TARGET_NAME)";
				PROVISIONING_PROFILE_SPECIFIER = "";
				SWIFT_VERSION = 5.0;
				TARGETED_DEVICE_FAMILY = "1,2";
			};
			name = Debug;
		};
		68986EC32540B01E002C566A /* Release */ = {
			isa = XCBuildConfiguration;
			baseConfigurationReference = 2FFFF24A0D41908497AD40F1 /* Pods-hiraganacoach.release.xcconfig */;
			buildSettings = {
				ASSETCATALOG_COMPILER_APPICON_NAME = AppIcon;
				ASSETCATALOG_COMPILER_GLOBAL_ACCENT_COLOR_NAME = AccentColor;
				CODE_SIGN_IDENTITY = "Apple Development";
				CODE_SIGN_STYLE = Automatic;
				DEVELOPMENT_ASSET_PATHS = "\"hiraganacoach/Preview Content\"";
				DEVELOPMENT_TEAM = MA5GA5485F;
				ENABLE_PREVIEWS = YES;
				INFOPLIST_FILE = hiraganacoach/Info.plist;
				IPHONEOS_DEPLOYMENT_TARGET = 14.0;
				LD_RUNPATH_SEARCH_PATHS = (
					"$(inherited)",
					"@executable_path/Frameworks",
				);
				PRODUCT_BUNDLE_IDENTIFIER = maxsonyang.hiraganacoach;
				PRODUCT_NAME = "$(TARGET_NAME)";
				PROVISIONING_PROFILE_SPECIFIER = "";
				SWIFT_VERSION = 5.0;
				TARGETED_DEVICE_FAMILY = "1,2";
			};
			name = Release;
		};
		68986EC52540B01E002C566A /* Debug */ = {
			isa = XCBuildConfiguration;
			baseConfigurationReference = BE59EC43D683156283C012A6 /* Pods-hiraganacoachTests.debug.xcconfig */;
			buildSettings = {
				ALWAYS_EMBED_SWIFT_STANDARD_LIBRARIES = YES;
				BUNDLE_LOADER = "$(TEST_HOST)";
				CODE_SIGN_STYLE = Automatic;
				DEVELOPMENT_TEAM = MA5GA5485F;
				INFOPLIST_FILE = hiraganacoachTests/Info.plist;
				IPHONEOS_DEPLOYMENT_TARGET = 14.0;
				LD_RUNPATH_SEARCH_PATHS = (
					"$(inherited)",
					"@executable_path/Frameworks",
					"@loader_path/Frameworks",
				);
				PRODUCT_BUNDLE_IDENTIFIER = maxsonyang.hiraganacoachTests;
				PRODUCT_NAME = "$(TARGET_NAME)";
				SWIFT_VERSION = 5.0;
				TARGETED_DEVICE_FAMILY = "1,2";
				TEST_HOST = "$(BUILT_PRODUCTS_DIR)/hiraganacoach.app/hiraganacoach";
			};
			name = Debug;
		};
		68986EC62540B01E002C566A /* Release */ = {
			isa = XCBuildConfiguration;
			baseConfigurationReference = B89B860BBBFC53BCD831C16E /* Pods-hiraganacoachTests.release.xcconfig */;
			buildSettings = {
				ALWAYS_EMBED_SWIFT_STANDARD_LIBRARIES = YES;
				BUNDLE_LOADER = "$(TEST_HOST)";
				CODE_SIGN_STYLE = Automatic;
				DEVELOPMENT_TEAM = MA5GA5485F;
				INFOPLIST_FILE = hiraganacoachTests/Info.plist;
				IPHONEOS_DEPLOYMENT_TARGET = 14.0;
				LD_RUNPATH_SEARCH_PATHS = (
					"$(inherited)",
					"@executable_path/Frameworks",
					"@loader_path/Frameworks",
				);
				PRODUCT_BUNDLE_IDENTIFIER = maxsonyang.hiraganacoachTests;
				PRODUCT_NAME = "$(TARGET_NAME)";
				SWIFT_VERSION = 5.0;
				TARGETED_DEVICE_FAMILY = "1,2";
				TEST_HOST = "$(BUILT_PRODUCTS_DIR)/hiraganacoach.app/hiraganacoach";
			};
			name = Release;
		};
		68986EC82540B01E002C566A /* Debug */ = {
			isa = XCBuildConfiguration;
			baseConfigurationReference = 919B1A1AC6C1B33427AF2C83 /* Pods-hiraganacoach-hiraganacoachUITests.debug.xcconfig */;
			buildSettings = {
				ALWAYS_EMBED_SWIFT_STANDARD_LIBRARIES = YES;
				CODE_SIGN_STYLE = Automatic;
				DEVELOPMENT_TEAM = MA5GA5485F;
				INFOPLIST_FILE = hiraganacoachUITests/Info.plist;
				LD_RUNPATH_SEARCH_PATHS = (
					"$(inherited)",
					"@executable_path/Frameworks",
					"@loader_path/Frameworks",
				);
				PRODUCT_BUNDLE_IDENTIFIER = maxsonyang.hiraganacoachUITests;
				PRODUCT_NAME = "$(TARGET_NAME)";
				SWIFT_VERSION = 5.0;
				TARGETED_DEVICE_FAMILY = "1,2";
				TEST_TARGET_NAME = hiraganacoach;
			};
			name = Debug;
		};
		68986EC92540B01E002C566A /* Release */ = {
			isa = XCBuildConfiguration;
			baseConfigurationReference = 47D4B32DE7E6B2DAB2EBE3EE /* Pods-hiraganacoach-hiraganacoachUITests.release.xcconfig */;
			buildSettings = {
				ALWAYS_EMBED_SWIFT_STANDARD_LIBRARIES = YES;
				CODE_SIGN_STYLE = Automatic;
				DEVELOPMENT_TEAM = MA5GA5485F;
				INFOPLIST_FILE = hiraganacoachUITests/Info.plist;
				LD_RUNPATH_SEARCH_PATHS = (
					"$(inherited)",
					"@executable_path/Frameworks",
					"@loader_path/Frameworks",
				);
				PRODUCT_BUNDLE_IDENTIFIER = maxsonyang.hiraganacoachUITests;
				PRODUCT_NAME = "$(TARGET_NAME)";
				SWIFT_VERSION = 5.0;
				TARGETED_DEVICE_FAMILY = "1,2";
				TEST_TARGET_NAME = hiraganacoach;
			};
			name = Release;
		};
/* End XCBuildConfiguration section */

/* Begin XCConfigurationList section */
		68986E922540B01B002C566A /* Build configuration list for PBXProject "hiraganacoach" */ = {
			isa = XCConfigurationList;
			buildConfigurations = (
				68986EBF2540B01E002C566A /* Debug */,
				68986EC02540B01E002C566A /* Release */,
			);
			defaultConfigurationIsVisible = 0;
			defaultConfigurationName = Release;
		};
		68986EC12540B01E002C566A /* Build configuration list for PBXNativeTarget "hiraganacoach" */ = {
			isa = XCConfigurationList;
			buildConfigurations = (
				68986EC22540B01E002C566A /* Debug */,
				68986EC32540B01E002C566A /* Release */,
			);
			defaultConfigurationIsVisible = 0;
			defaultConfigurationName = Release;
		};
		68986EC42540B01E002C566A /* Build configuration list for PBXNativeTarget "hiraganacoachTests" */ = {
			isa = XCConfigurationList;
			buildConfigurations = (
				68986EC52540B01E002C566A /* Debug */,
				68986EC62540B01E002C566A /* Release */,
			);
			defaultConfigurationIsVisible = 0;
			defaultConfigurationName = Release;
		};
		68986EC72540B01E002C566A /* Build configuration list for PBXNativeTarget "hiraganacoachUITests" */ = {
			isa = XCConfigurationList;
			buildConfigurations = (
				68986EC82540B01E002C566A /* Debug */,
				68986EC92540B01E002C566A /* Release */,
			);
			defaultConfigurationIsVisible = 0;
			defaultConfigurationName = Release;
		};
/* End XCConfigurationList section */

/* Begin XCVersionGroup section */
		68986EA52540B01D002C566A /* hiraganacoach.xcdatamodeld */ = {
			isa = XCVersionGroup;
			children = (
				68986EA62540B01D002C566A /* hiraganacoach.xcdatamodel */,
			);
			currentVersion = 68986EA62540B01D002C566A /* hiraganacoach.xcdatamodel */;
			path = hiraganacoach.xcdatamodeld;
			sourceTree = "<group>";
			versionGroupType = wrapper.xcdatamodel;
		};
/* End XCVersionGroup section */
	};
	rootObject = 68986E8F2540B01B002C566A /* Project object */;
}
